
Microsoft Visual Studio Solution File, Format Version 12.00
# Visual Studio Version 16
VisualStudioVersion = 16.0.30517.126
MinimumVisualStudioVersion = 10.0.40219.1
Project("{FAE04EC0-301F-11D3-BF4B-00C04F79EFBC}") = "GUI", "GUI\GUI.csproj", "{BD5503C6-827D-4A31-B4A7-D334CBDA540E}"
EndProject
Project("{FAE04EC0-301F-11D3-BF4B-00C04F79EFBC}") = "Domain", "Domain\Domain.csproj", "{2230503F-6E32-42DB-AF30-671CCB0ABFEA}"
EndProject
Project("{FAE04EC0-301F-11D3-BF4B-00C04F79EFBC}") = "Services", "Services\Services.csproj", "{F6FA720C-3FD1-431B-92AA-13C538605E39}"
EndProject
Global
	GlobalSection(SolutionConfigurationPlatforms) = preSolution
		Debug|Any CPU = Debug|Any CPU
		Release|Any CPU = Release|Any CPU
	EndGlobalSection
	GlobalSection(ProjectConfigurationPlatforms) = postSolution
		{BD5503C6-827D-4A31-B4A7-D334CBDA540E}.Debug|Any CPU.ActiveCfg = Debug|Any CPU
		{BD5503C6-827D-4A31-B4A7-D334CBDA540E}.Debug|Any CPU.Build.0 = Debug|Any CPU
		{BD5503C6-827D-4A31-B4A7-D334CBDA540E}.Release|Any CPU.ActiveCfg = Release|Any CPU
		{BD5503C6-827D-4A31-B4A7-D334CBDA540E}.Release|Any CPU.Build.0 = Release|Any CPU
		{2230503F-6E32-42DB-AF30-671CCB0ABFEA}.Debug|Any CPU.ActiveCfg = Debug|Any CPU
		{2230503F-6E32-42DB-AF30-671CCB0ABFEA}.Debug|Any CPU.Build.0 = Debug|Any CPU
		{2230503F-6E32-42DB-AF30-671CCB0ABFEA}.Release|Any CPU.ActiveCfg = Release|Any CPU
		{2230503F-6E32-42DB-AF30-671CCB0ABFEA}.Release|Any CPU.Build.0 = Release|Any CPU
		{F6FA720C-3FD1-431B-92AA-13C538605E39}.Debug|Any CPU.ActiveCfg = Debug|Any CPU
		{F6FA720C-3FD1-431B-92AA-13C538605E39}.Debug|Any CPU.Build.0 = Debug|Any CPU
		{F6FA720C-3FD1-431B-92AA-13C538605E39}.Release|Any CPU.ActiveCfg = Release|Any CPU
		{F6FA720C-3FD1-431B-92AA-13C538605E39}.Release|Any CPU.Build.0 = Release|Any CPU
	EndGlobalSection
	GlobalSection(SolutionProperties) = preSolution
		HideSolutionNode = FALSE
	EndGlobalSection
	GlobalSection(ExtensibilityGlobals) = postSolution
		SolutionGuid = {A5B8BDD8-2230-48BA-8A04-68098904BF91}
	EndGlobalSection
EndGlobal
